
Microsoft Visual Studio Solution File, Format Version 12.00
# Visual Studio Version 16
VisualStudioVersion = 16.0.30804.86
MinimumVisualStudioVersion = 10.0.40219.1
Project("{FAE04EC0-301F-11D3-BF4B-00C04F79EFBC}") = "DataPointProject", "DataPointProject\DataPointProject.csproj", "{FD7DFA00-826C-4E3F-82AB-C9EED5CF3BB2}"
EndProject
Global
	GlobalSection(SolutionConfigurationPlatforms) = preSolution
		Debug|Any CPU = Debug|Any CPU
		Release|Any CPU = Release|Any CPU
	EndGlobalSection
	GlobalSection(ProjectConfigurationPlatforms) = postSolution
		{FD7DFA00-826C-4E3F-82AB-C9EED5CF3BB2}.Debug|Any CPU.ActiveCfg = Debug|Any CPU
		{FD7DFA00-826C-4E3F-82AB-C9EED5CF3BB2}.Debug|Any CPU.Build.0 = Debug|Any CPU
		{FD7DFA00-826C-4E3F-82AB-C9EED5CF3BB2}.Release|Any CPU.ActiveCfg = Release|Any CPU
		{FD7DFA00-826C-4E3F-82AB-C9EED5CF3BB2}.Release|Any CPU.Build.0 = Release|Any CPU
	EndGlobalSection
	GlobalSection(SolutionProperties) = preSolution
		HideSolutionNode = FALSE
	EndGlobalSection
	GlobalSection(ExtensibilityGlobals) = postSolution
		SolutionGuid = {848002EB-3E2A-4666-A09C-A68EB4954109}
	EndGlobalSection
EndGlobal
